lockfileVersion: '9.0'

settings:
  autoInstallPeers: true
  excludeLinksFromLockfile: false

importers:

  .:
    dependencies:
      figlet:
        specifier: ^1.8.0
        version: 1.8.0
    devDependencies:
      zx:
        specifier: ^8.4.1
        version: 8.4.1

packages:

  figlet@1.8.0:
    resolution: {integrity: sha512-chzvGjd+Sp7KUvPHZv6EXV5Ir3Q7kYNpCr4aHrRW79qFtTefmQZNny+W1pW9kf5zeE6dikku2W50W/wAH2xWgw==}
    engines: {node: '>= 0.4.0'}
    hasBin: true

  zx@8.4.1:
    resolution: {integrity: sha512-1Cb+Tfwt/daKV6wckBeDbB6h3IMauqj9KWp+EcbYzi9doeJeIHCktxp/yWspXOXRdoUzBCQSKoUgm3g8r9fz5A==}
    engines: {node: '>= 12.17.0'}
    hasBin: true

snapshots:

  figlet@1.8.0: {}

  zx@8.4.1: {}
